
Microsoft Visual Studio Solution File, Format Version 12.00
Project("{FAE04EC0-301F-11D3-BF4B-00C04F79EFBC}") = "BrokerService", "BrokerService\BrokerService.csproj", "{3BDAAAF4-60D2-4405-B62E-0FAC2FE381B9}"
EndProject
Project("{FAE04EC0-301F-11D3-BF4B-00C04F79EFBC}") = "InfoPoint", "InfoPoint\InfoPoint.csproj", "{7015499F-33DD-4471-A3A8-10C75D7F0728}"
EndProject
Project("{FAE04EC0-301F-11D3-BF4B-00C04F79EFBC}") = "ProxyService", "ProxyService\ProxyService.csproj", "{6A366911-0A53-45BF-9221-8CC74CC70D76}"
EndProject
Project("{FAE04EC0-301F-11D3-BF4B-00C04F79EFBC}") = "InfoPointWeb", "InfoPointWeb\InfoPointWeb.csproj", "{E3F62A03-1C2C-4CFB-AB8A-C27D8E65BBBB}"
EndProject
Project("{FAE04EC0-301F-11D3-BF4B-00C04F79EFBC}") = "Shared", "Shared\Shared.csproj", "{B0240BDE-C144-4EE3-9F5D-EBB497DF8FAF}"
EndProject
Global
	GlobalSection(SolutionConfigurationPlatforms) = preSolution
		Debug|Any CPU = Debug|Any CPU
		Release|Any CPU = Release|Any CPU
	EndGlobalSection
	GlobalSection(ProjectConfigurationPlatforms) = postSolution
		{3BDAAAF4-60D2-4405-B62E-0FAC2FE381B9}.Debug|Any CPU.ActiveCfg = Debug|Any CPU
		{3BDAAAF4-60D2-4405-B62E-0FAC2FE381B9}.Debug|Any CPU.Build.0 = Debug|Any CPU
		{3BDAAAF4-60D2-4405-B62E-0FAC2FE381B9}.Release|Any CPU.ActiveCfg = Release|Any CPU
		{3BDAAAF4-60D2-4405-B62E-0FAC2FE381B9}.Release|Any CPU.Build.0 = Release|Any CPU
		{7015499F-33DD-4471-A3A8-10C75D7F0728}.Debug|Any CPU.ActiveCfg = Debug|Any CPU
		{7015499F-33DD-4471-A3A8-10C75D7F0728}.Debug|Any CPU.Build.0 = Debug|Any CPU
		{7015499F-33DD-4471-A3A8-10C75D7F0728}.Release|Any CPU.ActiveCfg = Release|Any CPU
		{7015499F-33DD-4471-A3A8-10C75D7F0728}.Release|Any CPU.Build.0 = Release|Any CPU
		{6A366911-0A53-45BF-9221-8CC74CC70D76}.Debug|Any CPU.ActiveCfg = Debug|Any CPU
		{6A366911-0A53-45BF-9221-8CC74CC70D76}.Debug|Any CPU.Build.0 = Debug|Any CPU
		{6A366911-0A53-45BF-9221-8CC74CC70D76}.Release|Any CPU.ActiveCfg = Release|Any CPU
		{6A366911-0A53-45BF-9221-8CC74CC70D76}.Release|Any CPU.Build.0 = Release|Any CPU
		{E3F62A03-1C2C-4CFB-AB8A-C27D8E65BBBB}.Debug|Any CPU.ActiveCfg = Debug|Any CPU
		{E3F62A03-1C2C-4CFB-AB8A-C27D8E65BBBB}.Debug|Any CPU.Build.0 = Debug|Any CPU
		{E3F62A03-1C2C-4CFB-AB8A-C27D8E65BBBB}.Release|Any CPU.ActiveCfg = Release|Any CPU
		{E3F62A03-1C2C-4CFB-AB8A-C27D8E65BBBB}.Release|Any CPU.Build.0 = Release|Any CPU
		{B0240BDE-C144-4EE3-9F5D-EBB497DF8FAF}.Debug|Any CPU.ActiveCfg = Debug|Any CPU
		{B0240BDE-C144-4EE3-9F5D-EBB497DF8FAF}.Debug|Any CPU.Build.0 = Debug|Any CPU
		{B0240BDE-C144-4EE3-9F5D-EBB497DF8FAF}.Release|Any CPU.ActiveCfg = Release|Any CPU
		{B0240BDE-C144-4EE3-9F5D-EBB497DF8FAF}.Release|Any CPU.Build.0 = Release|Any CPU
	EndGlobalSection
EndGlobal
